
Microsoft Visual Studio Solution File, Format Version 12.00
# Visual Studio Version 16
VisualStudioVersion = 16.0.31624.102
MinimumVisualStudioVersion = 10.0.40219.1
Project("{FAE04EC0-301F-11D3-BF4B-00C04F79EFBC}") = "StrucEmployee", "StrucEmployee\StrucEmployee.csproj", "{22B657A5-9CB7-49EB-A4D9-495D60F3F19D}"
EndProject
Global
	GlobalSection(SolutionConfigurationPlatforms) = preSolution
		Debug|Any CPU = Debug|Any CPU
		Release|Any CPU = Release|Any CPU
	EndGlobalSection
	GlobalSection(ProjectConfigurationPlatforms) = postSolution
		{22B657A5-9CB7-49EB-A4D9-495D60F3F19D}.Debug|Any CPU.ActiveCfg = Debug|Any CPU
		{22B657A5-9CB7-49EB-A4D9-495D60F3F19D}.Debug|Any CPU.Build.0 = Debug|Any CPU
		{22B657A5-9CB7-49EB-A4D9-495D60F3F19D}.Release|Any CPU.ActiveCfg = Release|Any CPU
		{22B657A5-9CB7-49EB-A4D9-495D60F3F19D}.Release|Any CPU.Build.0 = Release|Any CPU
	EndGlobalSection
	GlobalSection(SolutionProperties) = preSolution
		HideSolutionNode = FALSE
	EndGlobalSection
	GlobalSection(ExtensibilityGlobals) = postSolution
		SolutionGuid = {7FB00D22-9CE4-45DE-892C-97F9235D4294}
	EndGlobalSection
EndGlobal
