
Microsoft Visual Studio Solution File, Format Version 12.00
# Visual Studio Version 16
VisualStudioVersion = 16.0.31624.102
MinimumVisualStudioVersion = 10.0.40219.1
Project("{FAE04EC0-301F-11D3-BF4B-00C04F79EFBC}") = "PasswordValidator", "PasswordValidator\PasswordValidator.csproj", "{DC32F7BE-8BB0-4C6B-85CC-0E492E308072}"
EndProject
Global
	GlobalSection(SolutionConfigurationPlatforms) = preSolution
		Debug|Any CPU = Debug|Any CPU
		Release|Any CPU = Release|Any CPU
	EndGlobalSection
	GlobalSection(ProjectConfigurationPlatforms) = postSolution
		{DC32F7BE-8BB0-4C6B-85CC-0E492E308072}.Debug|Any CPU.ActiveCfg = Debug|Any CPU
		{DC32F7BE-8BB0-4C6B-85CC-0E492E308072}.Debug|Any CPU.Build.0 = Debug|Any CPU
		{DC32F7BE-8BB0-4C6B-85CC-0E492E308072}.Release|Any CPU.ActiveCfg = Release|Any CPU
		{DC32F7BE-8BB0-4C6B-85CC-0E492E308072}.Release|Any CPU.Build.0 = Release|Any CPU
	EndGlobalSection
	GlobalSection(SolutionProperties) = preSolution
		HideSolutionNode = FALSE
	EndGlobalSection
	GlobalSection(ExtensibilityGlobals) = postSolution
		SolutionGuid = {B4829DF3-3540-4323-8F29-43D0E5492558}
	EndGlobalSection
EndGlobal
