
Microsoft Visual Studio Solution File, Format Version 12.00
# Visual Studio Version 16
VisualStudioVersion = 16.0.31624.102
MinimumVisualStudioVersion = 10.0.40219.1
Project("{FAE04EC0-301F-11D3-BF4B-00C04F79EFBC}") = "ConsoleApp2", "ConsoleApp2\ConsoleApp2.csproj", "{25FC3A9F-BBC7-4872-8EEC-5D758DF27EE3}"
EndProject
Project("{FAE04EC0-301F-11D3-BF4B-00C04F79EFBC}") = "ConsoleApp3", "ConsoleApp3\ConsoleApp3.csproj", "{CD04C774-3E2C-4932-94D9-E62A8F25DF0D}"
EndProject
Global
	GlobalSection(SolutionConfigurationPlatforms) = preSolution
		Debug|Any CPU = Debug|Any CPU
		Release|Any CPU = Release|Any CPU
	EndGlobalSection
	GlobalSection(ProjectConfigurationPlatforms) = postSolution
		{25FC3A9F-BBC7-4872-8EEC-5D758DF27EE3}.Debug|Any CPU.ActiveCfg = Debug|Any CPU
		{25FC3A9F-BBC7-4872-8EEC-5D758DF27EE3}.Debug|Any CPU.Build.0 = Debug|Any CPU
		{25FC3A9F-BBC7-4872-8EEC-5D758DF27EE3}.Release|Any CPU.ActiveCfg = Release|Any CPU
		{25FC3A9F-BBC7-4872-8EEC-5D758DF27EE3}.Release|Any CPU.Build.0 = Release|Any CPU
		{CD04C774-3E2C-4932-94D9-E62A8F25DF0D}.Debug|Any CPU.ActiveCfg = Debug|Any CPU
		{CD04C774-3E2C-4932-94D9-E62A8F25DF0D}.Debug|Any CPU.Build.0 = Debug|Any CPU
		{CD04C774-3E2C-4932-94D9-E62A8F25DF0D}.Release|Any CPU.ActiveCfg = Release|Any CPU
		{CD04C774-3E2C-4932-94D9-E62A8F25DF0D}.Release|Any CPU.Build.0 = Release|Any CPU
	EndGlobalSection
	GlobalSection(SolutionProperties) = preSolution
		HideSolutionNode = FALSE
	EndGlobalSection
	GlobalSection(ExtensibilityGlobals) = postSolution
		SolutionGuid = {B69DCDE0-626A-4C68-992A-580ABC0317B4}
	EndGlobalSection
EndGlobal
