
Microsoft Visual Studio Solution File, Format Version 12.00
# Visual Studio Version 16
VisualStudioVersion = 16.0.31624.102
MinimumVisualStudioVersion = 10.0.40219.1
Project("{FAE04EC0-301F-11D3-BF4B-00C04F79EFBC}") = "Question4", "Question4\Question4.csproj", "{BE005A07-6103-4AB0-8667-6F760E177890}"
EndProject
Global
	GlobalSection(SolutionConfigurationPlatforms) = preSolution
		Debug|Any CPU = Debug|Any CPU
		Release|Any CPU = Release|Any CPU
	EndGlobalSection
	GlobalSection(ProjectConfigurationPlatforms) = postSolution
		{BE005A07-6103-4AB0-8667-6F760E177890}.Debug|Any CPU.ActiveCfg = Debug|Any CPU
		{BE005A07-6103-4AB0-8667-6F760E177890}.Debug|Any CPU.Build.0 = Debug|Any CPU
		{BE005A07-6103-4AB0-8667-6F760E177890}.Release|Any CPU.ActiveCfg = Release|Any CPU
		{BE005A07-6103-4AB0-8667-6F760E177890}.Release|Any CPU.Build.0 = Release|Any CPU
	EndGlobalSection
	GlobalSection(SolutionProperties) = preSolution
		HideSolutionNode = FALSE
	EndGlobalSection
	GlobalSection(ExtensibilityGlobals) = postSolution
		SolutionGuid = {D200658B-0E9C-4FAD-A943-43F3F4B36634}
	EndGlobalSection
EndGlobal
