
Microsoft Visual Studio Solution File, Format Version 12.00
# Visual Studio Version 16
VisualStudioVersion = 16.0.31624.102
MinimumVisualStudioVersion = 10.0.40219.1
Project("{FAE04EC0-301F-11D3-BF4B-00C04F79EFBC}") = "DelAnglesInAShape", "DelAnglesInAShape\DelAnglesInAShape.csproj", "{1EB09304-874C-4D51-9142-DBA55E80055A}"
EndProject
Global
	GlobalSection(SolutionConfigurationPlatforms) = preSolution
		Debug|Any CPU = Debug|Any CPU
		Release|Any CPU = Release|Any CPU
	EndGlobalSection
	GlobalSection(ProjectConfigurationPlatforms) = postSolution
		{1EB09304-874C-4D51-9142-DBA55E80055A}.Debug|Any CPU.ActiveCfg = Debug|Any CPU
		{1EB09304-874C-4D51-9142-DBA55E80055A}.Debug|Any CPU.Build.0 = Debug|Any CPU
		{1EB09304-874C-4D51-9142-DBA55E80055A}.Release|Any CPU.ActiveCfg = Release|Any CPU
		{1EB09304-874C-4D51-9142-DBA55E80055A}.Release|Any CPU.Build.0 = Release|Any CPU
	EndGlobalSection
	GlobalSection(SolutionProperties) = preSolution
		HideSolutionNode = FALSE
	EndGlobalSection
	GlobalSection(ExtensibilityGlobals) = postSolution
		SolutionGuid = {98EB742B-FB36-4D1A-878D-627EC37B35C9}
	EndGlobalSection
EndGlobal
