
Microsoft Visual Studio Solution File, Format Version 12.00
# Visual Studio Version 16
VisualStudioVersion = 16.0.31624.102
MinimumVisualStudioVersion = 10.0.40219.1
Project("{FAE04EC0-301F-11D3-BF4B-00C04F79EFBC}") = "AnonymousNumber", "AnonymousNumber\AnonymousNumber.csproj", "{7779ACD4-046C-4128-9E13-433B8E352038}"
EndProject
Global
	GlobalSection(SolutionConfigurationPlatforms) = preSolution
		Debug|Any CPU = Debug|Any CPU
		Release|Any CPU = Release|Any CPU
	EndGlobalSection
	GlobalSection(ProjectConfigurationPlatforms) = postSolution
		{7779ACD4-046C-4128-9E13-433B8E352038}.Debug|Any CPU.ActiveCfg = Debug|Any CPU
		{7779ACD4-046C-4128-9E13-433B8E352038}.Debug|Any CPU.Build.0 = Debug|Any CPU
		{7779ACD4-046C-4128-9E13-433B8E352038}.Release|Any CPU.ActiveCfg = Release|Any CPU
		{7779ACD4-046C-4128-9E13-433B8E352038}.Release|Any CPU.Build.0 = Release|Any CPU
	EndGlobalSection
	GlobalSection(SolutionProperties) = preSolution
		HideSolutionNode = FALSE
	EndGlobalSection
	GlobalSection(ExtensibilityGlobals) = postSolution
		SolutionGuid = {666699A0-799F-4972-99F3-EA6A17E28554}
	EndGlobalSection
EndGlobal
