
Microsoft Visual Studio Solution File, Format Version 12.00
# Visual Studio Version 16
VisualStudioVersion = 16.0.31624.102
MinimumVisualStudioVersion = 10.0.40219.1
Project("{FAE04EC0-301F-11D3-BF4B-00C04F79EFBC}") = "Question4", "Question4\Question4.csproj", "{53BEFC28-2612-4DA4-BDC2-990701BBDE61}"
EndProject
Global
	GlobalSection(SolutionConfigurationPlatforms) = preSolution
		Debug|Any CPU = Debug|Any CPU
		Release|Any CPU = Release|Any CPU
	EndGlobalSection
	GlobalSection(ProjectConfigurationPlatforms) = postSolution
		{53BEFC28-2612-4DA4-BDC2-990701BBDE61}.Debug|Any CPU.ActiveCfg = Debug|Any CPU
		{53BEFC28-2612-4DA4-BDC2-990701BBDE61}.Debug|Any CPU.Build.0 = Debug|Any CPU
		{53BEFC28-2612-4DA4-BDC2-990701BBDE61}.Release|Any CPU.ActiveCfg = Release|Any CPU
		{53BEFC28-2612-4DA4-BDC2-990701BBDE61}.Release|Any CPU.Build.0 = Release|Any CPU
	EndGlobalSection
	GlobalSection(SolutionProperties) = preSolution
		HideSolutionNode = FALSE
	EndGlobalSection
	GlobalSection(ExtensibilityGlobals) = postSolution
		SolutionGuid = {A4F8BB7B-0C53-48EB-A4FE-D3A9B1A20165}
	EndGlobalSection
EndGlobal
