
Microsoft Visual Studio Solution File, Format Version 12.00
# Visual Studio Version 16
VisualStudioVersion = 16.0.31624.102
MinimumVisualStudioVersion = 10.0.40219.1
Project("{FAE04EC0-301F-11D3-BF4B-00C04F79EFBC}") = "Desctructor", "Desctructor\Desctructor.csproj", "{B8FF8904-BFAE-4999-B330-41C05BDBEB47}"
EndProject
Global
	GlobalSection(SolutionConfigurationPlatforms) = preSolution
		Debug|Any CPU = Debug|Any CPU
		Release|Any CPU = Release|Any CPU
	EndGlobalSection
	GlobalSection(ProjectConfigurationPlatforms) = postSolution
		{B8FF8904-BFAE-4999-B330-41C05BDBEB47}.Debug|Any CPU.ActiveCfg = Debug|Any CPU
		{B8FF8904-BFAE-4999-B330-41C05BDBEB47}.Debug|Any CPU.Build.0 = Debug|Any CPU
		{B8FF8904-BFAE-4999-B330-41C05BDBEB47}.Release|Any CPU.ActiveCfg = Release|Any CPU
		{B8FF8904-BFAE-4999-B330-41C05BDBEB47}.Release|Any CPU.Build.0 = Release|Any CPU
	EndGlobalSection
	GlobalSection(SolutionProperties) = preSolution
		HideSolutionNode = FALSE
	EndGlobalSection
	GlobalSection(ExtensibilityGlobals) = postSolution
		SolutionGuid = {8E5EB486-70B8-42EF-9491-992C7460F0DA}
	EndGlobalSection
EndGlobal
