
Microsoft Visual Studio Solution File, Format Version 12.00
# Visual Studio Version 16
VisualStudioVersion = 16.0.31613.86
MinimumVisualStudioVersion = 10.0.40219.1
Project("{FAE04EC0-301F-11D3-BF4B-00C04F79EFBC}") = "Test1", "Test1\Test1.csproj", "{D2B13A24-D8C6-4892-A486-D8439EA0BF7C}"
EndProject
Global
	GlobalSection(SolutionConfigurationPlatforms) = preSolution
		Debug|Any CPU = Debug|Any CPU
		Release|Any CPU = Release|Any CPU
	EndGlobalSection
	GlobalSection(ProjectConfigurationPlatforms) = postSolution
		{D2B13A24-D8C6-4892-A486-D8439EA0BF7C}.Debug|Any CPU.ActiveCfg = Debug|Any CPU
		{D2B13A24-D8C6-4892-A486-D8439EA0BF7C}.Debug|Any CPU.Build.0 = Debug|Any CPU
		{D2B13A24-D8C6-4892-A486-D8439EA0BF7C}.Release|Any CPU.ActiveCfg = Release|Any CPU
		{D2B13A24-D8C6-4892-A486-D8439EA0BF7C}.Release|Any CPU.Build.0 = Release|Any CPU
	EndGlobalSection
	GlobalSection(SolutionProperties) = preSolution
		HideSolutionNode = FALSE
	EndGlobalSection
	GlobalSection(ExtensibilityGlobals) = postSolution
		SolutionGuid = {C31EF064-1D76-47C9-AC5E-A61DCE2D721B}
	EndGlobalSection
EndGlobal
