
Microsoft Visual Studio Solution File, Format Version 12.00
# Visual Studio Version 16
VisualStudioVersion = 16.0.31729.503
MinimumVisualStudioVersion = 10.0.40219.1
Project("{FAE04EC0-301F-11D3-BF4B-00C04F79EFBC}") = "TwoSum", "TwoSum\TwoSum.csproj", "{B20FFFED-99A5-4B81-B6F4-249D8B41BECE}"
EndProject
Global
	GlobalSection(SolutionConfigurationPlatforms) = preSolution
		Debug|Any CPU = Debug|Any CPU
		Release|Any CPU = Release|Any CPU
	EndGlobalSection
	GlobalSection(ProjectConfigurationPlatforms) = postSolution
		{B20FFFED-99A5-4B81-B6F4-249D8B41BECE}.Debug|Any CPU.ActiveCfg = Debug|Any CPU
		{B20FFFED-99A5-4B81-B6F4-249D8B41BECE}.Debug|Any CPU.Build.0 = Debug|Any CPU
		{B20FFFED-99A5-4B81-B6F4-249D8B41BECE}.Release|Any CPU.ActiveCfg = Release|Any CPU
		{B20FFFED-99A5-4B81-B6F4-249D8B41BECE}.Release|Any CPU.Build.0 = Release|Any CPU
	EndGlobalSection
	GlobalSection(SolutionProperties) = preSolution
		HideSolutionNode = FALSE
	EndGlobalSection
	GlobalSection(ExtensibilityGlobals) = postSolution
		SolutionGuid = {1EB99EAF-2F62-4B07-878D-D54208C7C141}
	EndGlobalSection
EndGlobal
