
Microsoft Visual Studio Solution File, Format Version 12.00
# Visual Studio Version 16
VisualStudioVersion = 16.0.31624.102
MinimumVisualStudioVersion = 10.0.40219.1
Project("{FAE04EC0-301F-11D3-BF4B-00C04F79EFBC}") = "2Numbers", "2Numbers\2Numbers.csproj", "{E6105531-435E-40FA-9433-AA16C7406B6A}"
EndProject
Global
	GlobalSection(SolutionConfigurationPlatforms) = preSolution
		Debug|Any CPU = Debug|Any CPU
		Release|Any CPU = Release|Any CPU
	EndGlobalSection
	GlobalSection(ProjectConfigurationPlatforms) = postSolution
		{E6105531-435E-40FA-9433-AA16C7406B6A}.Debug|Any CPU.ActiveCfg = Debug|Any CPU
		{E6105531-435E-40FA-9433-AA16C7406B6A}.Debug|Any CPU.Build.0 = Debug|Any CPU
		{E6105531-435E-40FA-9433-AA16C7406B6A}.Release|Any CPU.ActiveCfg = Release|Any CPU
		{E6105531-435E-40FA-9433-AA16C7406B6A}.Release|Any CPU.Build.0 = Release|Any CPU
	EndGlobalSection
	GlobalSection(SolutionProperties) = preSolution
		HideSolutionNode = FALSE
	EndGlobalSection
	GlobalSection(ExtensibilityGlobals) = postSolution
		SolutionGuid = {001DA164-8C1D-4A10-B036-5609EE5A011B}
	EndGlobalSection
EndGlobal
