
Microsoft Visual Studio Solution File, Format Version 12.00
# Visual Studio Version 16
VisualStudioVersion = 16.0.31624.102
MinimumVisualStudioVersion = 10.0.40219.1
Project("{FAE04EC0-301F-11D3-BF4B-00C04F79EFBC}") = "Question2", "Question2\Question2.csproj", "{8D3EEFDE-2BEC-4E52-833F-33F681D42974}"
EndProject
Global
	GlobalSection(SolutionConfigurationPlatforms) = preSolution
		Debug|Any CPU = Debug|Any CPU
		Release|Any CPU = Release|Any CPU
	EndGlobalSection
	GlobalSection(ProjectConfigurationPlatforms) = postSolution
		{8D3EEFDE-2BEC-4E52-833F-33F681D42974}.Debug|Any CPU.ActiveCfg = Debug|Any CPU
		{8D3EEFDE-2BEC-4E52-833F-33F681D42974}.Debug|Any CPU.Build.0 = Debug|Any CPU
		{8D3EEFDE-2BEC-4E52-833F-33F681D42974}.Release|Any CPU.ActiveCfg = Release|Any CPU
		{8D3EEFDE-2BEC-4E52-833F-33F681D42974}.Release|Any CPU.Build.0 = Release|Any CPU
	EndGlobalSection
	GlobalSection(SolutionProperties) = preSolution
		HideSolutionNode = FALSE
	EndGlobalSection
	GlobalSection(ExtensibilityGlobals) = postSolution
		SolutionGuid = {88B94EAF-9F13-4342-BDE6-64A13DC3624E}
	EndGlobalSection
EndGlobal
