
Microsoft Visual Studio Solution File, Format Version 12.00
# Visual Studio Version 16
VisualStudioVersion = 16.0.31624.102
MinimumVisualStudioVersion = 10.0.40219.1
Project("{FAE04EC0-301F-11D3-BF4B-00C04F79EFBC}") = "SpawnThreadMethod", "SpawnThreadMethod\SpawnThreadMethod.csproj", "{576AC957-B14E-465F-BC0A-681B64EAEAB4}"
EndProject
Global
	GlobalSection(SolutionConfigurationPlatforms) = preSolution
		Debug|Any CPU = Debug|Any CPU
		Release|Any CPU = Release|Any CPU
	EndGlobalSection
	GlobalSection(ProjectConfigurationPlatforms) = postSolution
		{576AC957-B14E-465F-BC0A-681B64EAEAB4}.Debug|Any CPU.ActiveCfg = Debug|Any CPU
		{576AC957-B14E-465F-BC0A-681B64EAEAB4}.Debug|Any CPU.Build.0 = Debug|Any CPU
		{576AC957-B14E-465F-BC0A-681B64EAEAB4}.Release|Any CPU.ActiveCfg = Release|Any CPU
		{576AC957-B14E-465F-BC0A-681B64EAEAB4}.Release|Any CPU.Build.0 = Release|Any CPU
	EndGlobalSection
	GlobalSection(SolutionProperties) = preSolution
		HideSolutionNode = FALSE
	EndGlobalSection
	GlobalSection(ExtensibilityGlobals) = postSolution
		SolutionGuid = {4E9AD4CC-5574-45AD-8D61-84269405B625}
	EndGlobalSection
EndGlobal
