
Microsoft Visual Studio Solution File, Format Version 12.00
# Visual Studio Version 16
VisualStudioVersion = 16.0.31624.102
MinimumVisualStudioVersion = 10.0.40219.1
Project("{FAE04EC0-301F-11D3-BF4B-00C04F79EFBC}") = "AddOrRemoveListtSpawnThreads", "AddOrRemoveListtSpawnThreads\AddOrRemoveListtSpawnThreads.csproj", "{67169B1F-A894-4DFE-812E-D3AC7C0BBEE7}"
EndProject
Global
	GlobalSection(SolutionConfigurationPlatforms) = preSolution
		Debug|Any CPU = Debug|Any CPU
		Release|Any CPU = Release|Any CPU
	EndGlobalSection
	GlobalSection(ProjectConfigurationPlatforms) = postSolution
		{67169B1F-A894-4DFE-812E-D3AC7C0BBEE7}.Debug|Any CPU.ActiveCfg = Debug|Any CPU
		{67169B1F-A894-4DFE-812E-D3AC7C0BBEE7}.Debug|Any CPU.Build.0 = Debug|Any CPU
		{67169B1F-A894-4DFE-812E-D3AC7C0BBEE7}.Release|Any CPU.ActiveCfg = Release|Any CPU
		{67169B1F-A894-4DFE-812E-D3AC7C0BBEE7}.Release|Any CPU.Build.0 = Release|Any CPU
	EndGlobalSection
	GlobalSection(SolutionProperties) = preSolution
		HideSolutionNode = FALSE
	EndGlobalSection
	GlobalSection(ExtensibilityGlobals) = postSolution
		SolutionGuid = {0CF2E301-39BE-42E3-ADA7-5812FFC297A3}
	EndGlobalSection
EndGlobal
