
Microsoft Visual Studio Solution File, Format Version 12.00
# Visual Studio Version 16
VisualStudioVersion = 16.0.31624.102
MinimumVisualStudioVersion = 10.0.40219.1
Project("{FAE04EC0-301F-11D3-BF4B-00C04F79EFBC}") = "LifeInsuranceTerm", "LifeInsuranceTerm\LifeInsuranceTerm.csproj", "{A0416B4C-2B00-4FFB-9284-C6F1112F988C}"
EndProject
Global
	GlobalSection(SolutionConfigurationPlatforms) = preSolution
		Debug|Any CPU = Debug|Any CPU
		Release|Any CPU = Release|Any CPU
	EndGlobalSection
	GlobalSection(ProjectConfigurationPlatforms) = postSolution
		{A0416B4C-2B00-4FFB-9284-C6F1112F988C}.Debug|Any CPU.ActiveCfg = Debug|Any CPU
		{A0416B4C-2B00-4FFB-9284-C6F1112F988C}.Debug|Any CPU.Build.0 = Debug|Any CPU
		{A0416B4C-2B00-4FFB-9284-C6F1112F988C}.Release|Any CPU.ActiveCfg = Release|Any CPU
		{A0416B4C-2B00-4FFB-9284-C6F1112F988C}.Release|Any CPU.Build.0 = Release|Any CPU
	EndGlobalSection
	GlobalSection(SolutionProperties) = preSolution
		HideSolutionNode = FALSE
	EndGlobalSection
	GlobalSection(ExtensibilityGlobals) = postSolution
		SolutionGuid = {EF02FE99-1DE1-49DE-A141-15DBE3A931D2}
	EndGlobalSection
EndGlobal
