
Microsoft Visual Studio Solution File, Format Version 12.00
# Visual Studio Version 16
VisualStudioVersion = 16.0.31624.102
MinimumVisualStudioVersion = 10.0.40219.1
Project("{FAE04EC0-301F-11D3-BF4B-00C04F79EFBC}") = "Question 3", "Question 3\Question 3.csproj", "{5FBAE23D-15EB-4F0B-AD8A-492F2E7A9219}"
EndProject
Global
	GlobalSection(SolutionConfigurationPlatforms) = preSolution
		Debug|Any CPU = Debug|Any CPU
		Release|Any CPU = Release|Any CPU
	EndGlobalSection
	GlobalSection(ProjectConfigurationPlatforms) = postSolution
		{5FBAE23D-15EB-4F0B-AD8A-492F2E7A9219}.Debug|Any CPU.ActiveCfg = Debug|Any CPU
		{5FBAE23D-15EB-4F0B-AD8A-492F2E7A9219}.Debug|Any CPU.Build.0 = Debug|Any CPU
		{5FBAE23D-15EB-4F0B-AD8A-492F2E7A9219}.Release|Any CPU.ActiveCfg = Release|Any CPU
		{5FBAE23D-15EB-4F0B-AD8A-492F2E7A9219}.Release|Any CPU.Build.0 = Release|Any CPU
	EndGlobalSection
	GlobalSection(SolutionProperties) = preSolution
		HideSolutionNode = FALSE
	EndGlobalSection
	GlobalSection(ExtensibilityGlobals) = postSolution
		SolutionGuid = {355B9BD4-3C6D-4DB2-8BB9-C20743D78E02}
	EndGlobalSection
EndGlobal
