
Microsoft Visual Studio Solution File, Format Version 12.00
# Visual Studio Version 16
VisualStudioVersion = 16.0.31729.503
MinimumVisualStudioVersion = 10.0.40219.1
Project("{FAE04EC0-301F-11D3-BF4B-00C04F79EFBC}") = "ReverseInteger", "ReverseInteger\ReverseInteger.csproj", "{33E58B8A-846D-498F-A766-FBD75580C41E}"
EndProject
Global
	GlobalSection(SolutionConfigurationPlatforms) = preSolution
		Debug|Any CPU = Debug|Any CPU
		Release|Any CPU = Release|Any CPU
	EndGlobalSection
	GlobalSection(ProjectConfigurationPlatforms) = postSolution
		{33E58B8A-846D-498F-A766-FBD75580C41E}.Debug|Any CPU.ActiveCfg = Debug|Any CPU
		{33E58B8A-846D-498F-A766-FBD75580C41E}.Debug|Any CPU.Build.0 = Debug|Any CPU
		{33E58B8A-846D-498F-A766-FBD75580C41E}.Release|Any CPU.ActiveCfg = Release|Any CPU
		{33E58B8A-846D-498F-A766-FBD75580C41E}.Release|Any CPU.Build.0 = Release|Any CPU
	EndGlobalSection
	GlobalSection(SolutionProperties) = preSolution
		HideSolutionNode = FALSE
	EndGlobalSection
	GlobalSection(ExtensibilityGlobals) = postSolution
		SolutionGuid = {29F540FB-5C10-4F95-B4B9-79285A0E91AE}
	EndGlobalSection
EndGlobal
